
Microsoft Visual Studio Solution File, Format Version 12.00
# Visual Studio Version 17
VisualStudioVersion = 17.0.32014.148
MinimumVisualStudioVersion = 10.0.40219.1
Project("{2150E333-8FDC-42A3-9474-1A3956D46DE8}") = "Servives", "Servives", "{29A2C5FD-91CE-4C95-9591-F106CE816FF8}"
EndProject
Project("{2150E333-8FDC-42A3-9474-1A3956D46DE8}") = "Catalog", "Catalog", "{12DE976F-C57F-49C1-A6BF-9B11AA4243B4}"
EndProject
Project("{FAE04EC0-301F-11D3-BF4B-00C04F79EFBC}") = "Catalog.API", "Services\Catalog\Catalog.API\Catalog.API.csproj", "{4FF889EE-74D9-49D1-9E6B-01A54156A5DD}"
EndProject
Global
	GlobalSection(SolutionConfigurationPlatforms) = preSolution
		Debug|Any CPU = Debug|Any CPU
		Release|Any CPU = Release|Any CPU
	EndGlobalSection
	GlobalSection(ProjectConfigurationPlatforms) = postSolution
		{4FF889EE-74D9-49D1-9E6B-01A54156A5DD}.Debug|Any CPU.ActiveCfg = Debug|Any CPU
		{4FF889EE-74D9-49D1-9E6B-01A54156A5DD}.Debug|Any CPU.Build.0 = Debug|Any CPU
		{4FF889EE-74D9-49D1-9E6B-01A54156A5DD}.Release|Any CPU.ActiveCfg = Release|Any CPU
		{4FF889EE-74D9-49D1-9E6B-01A54156A5DD}.Release|Any CPU.Build.0 = Release|Any CPU
	EndGlobalSection
	GlobalSection(SolutionProperties) = preSolution
		HideSolutionNode = FALSE
	EndGlobalSection
	GlobalSection(NestedProjects) = preSolution
		{12DE976F-C57F-49C1-A6BF-9B11AA4243B4} = {29A2C5FD-91CE-4C95-9591-F106CE816FF8}
		{4FF889EE-74D9-49D1-9E6B-01A54156A5DD} = {12DE976F-C57F-49C1-A6BF-9B11AA4243B4}
	EndGlobalSection
	GlobalSection(ExtensibilityGlobals) = postSolution
		SolutionGuid = {2740B464-4C4A-4323-9DC9-919B58A1E7F7}
	EndGlobalSection
EndGlobal
